
Microsoft Visual Studio Solution File, Format Version 12.00
# Visual Studio Version 17
VisualStudioVersion = 17.1.32421.90
MinimumVisualStudioVersion = 10.0.40219.1
Project("{FAE04EC0-301F-11D3-BF4B-00C04F79EFBC}") = "ProductJavaScript", "ProductJavaScript\ProductJavaScript.csproj", "{060A15FF-5FDE-46C5-BDF3-E2AB3B9387B7}"
EndProject
Global
	GlobalSection(SolutionConfigurationPlatforms) = preSolution
		Debug|Any CPU = Debug|Any CPU
		Release|Any CPU = Release|Any CPU
	EndGlobalSection
	GlobalSection(ProjectConfigurationPlatforms) = postSolution
		{060A15FF-5FDE-46C5-BDF3-E2AB3B9387B7}.Debug|Any CPU.ActiveCfg = Debug|Any CPU
		{060A15FF-5FDE-46C5-BDF3-E2AB3B9387B7}.Debug|Any CPU.Build.0 = Debug|Any CPU
		{060A15FF-5FDE-46C5-BDF3-E2AB3B9387B7}.Release|Any CPU.ActiveCfg = Release|Any CPU
		{060A15FF-5FDE-46C5-BDF3-E2AB3B9387B7}.Release|Any CPU.Build.0 = Release|Any CPU
	EndGlobalSection
	GlobalSection(SolutionProperties) = preSolution
		HideSolutionNode = FALSE
	EndGlobalSection
	GlobalSection(ExtensibilityGlobals) = postSolution
		SolutionGuid = {DF724116-E27A-498E-81DE-DE5A3210EB0C}
	EndGlobalSection
EndGlobal
