
Microsoft Visual Studio Solution File, Format Version 12.00
# Visual Studio Version 16
VisualStudioVersion = 16.0.32126.315
MinimumVisualStudioVersion = 10.0.40219.1
Project("{FAE04EC0-301F-11D3-BF4B-00C04F79EFBC}") = "Javascript_MovieList", "Javascript_MovieList\Javascript_MovieList.csproj", "{830C30C0-EB0F-49A3-9A0B-98637E381AC2}"
EndProject
Global
	GlobalSection(SolutionConfigurationPlatforms) = preSolution
		Debug|Any CPU = Debug|Any CPU
		Release|Any CPU = Release|Any CPU
	EndGlobalSection
	GlobalSection(ProjectConfigurationPlatforms) = postSolution
		{830C30C0-EB0F-49A3-9A0B-98637E381AC2}.Debug|Any CPU.ActiveCfg = Debug|Any CPU
		{830C30C0-EB0F-49A3-9A0B-98637E381AC2}.Debug|Any CPU.Build.0 = Debug|Any CPU
		{830C30C0-EB0F-49A3-9A0B-98637E381AC2}.Release|Any CPU.ActiveCfg = Release|Any CPU
		{830C30C0-EB0F-49A3-9A0B-98637E381AC2}.Release|Any CPU.Build.0 = Release|Any CPU
	EndGlobalSection
	GlobalSection(SolutionProperties) = preSolution
		HideSolutionNode = FALSE
	EndGlobalSection
	GlobalSection(ExtensibilityGlobals) = postSolution
		SolutionGuid = {82D7BCCD-34A1-4ECF-8602-CADE4FB9DC62}
	EndGlobalSection
EndGlobal
